schema: '2.0'
stages:
  fetch:
    cmd: python data_fetching.py
    deps:
    - path: data_fetching.py
      hash: md5
      md5: 2f0bd7da7b84baa44845d49c932cde9f
      size: 2092
    outs:
    - path: data/raw/experiment_dataset.csv
      hash: md5
      md5: e08fc7ddf4e94988268b63345db6d82e
      size: 15811
  preprocess:
    cmd: python src/pipeline/data_preprocessing.py
    deps:
    - path: data/raw/experiment_dataset.csv
      hash: md5
      md5: e08fc7ddf4e94988268b63345db6d82e
      size: 15811
    - path: src/pipeline/data_preprocessing.py
      hash: md5
      md5: 7196fca3f4609fbbcfe94d556b8b3836
      size: 860
    outs:
    - path: data/processed/experiment_dataset_cleaned.csv
      hash: md5
      md5: af85216be234f7b2132f5a8d179329ef
      size: 15725
  inference:
    cmd: python main.py
    deps:
    - path: data/processed/experiment_dataset_cleaned.csv
      hash: md5
      md5: af85216be234f7b2132f5a8d179329ef
      size: 15725
    - path: main.py
      hash: md5
      md5: b98a263587667b1f54cd087bc17ef79a
      size: 64
    - path: src
      hash: md5
      md5: f8268084f92d0fb3219d65d06ca836ad.dir
      size: 53572
      nfiles: 19
    params:
      params.yaml:
        llm.batch_size: 30
        llm.model_name: openai/gpt-oss-120b
        llm.reply_temperature: 0
        llm.summary_temperature: 0
  select_best_model:
    cmd: python src/pipeline/select_best_model.py
    deps:
    - path: mlflow.db
      hash: md5
      md5: ddaa08795d3f556200541fb98618dc34
      size: 626688
    - path: src/pipeline/select_best_model.py
      hash: md5
      md5: 989a60fdef5bf5ab48e9e14bc6bff032
      size: 1435
    outs:
    - path: configs/best_model_config.json
      hash: md5
      md5: 01534394318e6deb199e150c2cf00f3c
      size: 130
